
Microsoft Visual Studio Solution File, Format Version 12.00
# Visual Studio Version 16
VisualStudioVersion = 16.0.32602.291
MinimumVisualStudioVersion = 10.0.40219.1
Project("{FAE04EC0-301F-11D3-BF4B-00C04F79EFBC}") = "Rador_System", "Rador_System\Rador_System.csproj", "{D826E59D-C440-4B05-846B-775DA8545BC1}"
EndProject
Global
	GlobalSection(SolutionConfigurationPlatforms) = preSolution
		Debug|Any CPU = Debug|Any CPU
		Release|Any CPU = Release|Any CPU
	EndGlobalSection
	GlobalSection(ProjectConfigurationPlatforms) = postSolution
		{D826E59D-C440-4B05-846B-775DA8545BC1}.Debug|Any CPU.ActiveCfg = Debug|Any CPU
		{D826E59D-C440-4B05-846B-775DA8545BC1}.Debug|Any CPU.Build.0 = Debug|Any CPU
		{D826E59D-C440-4B05-846B-775DA8545BC1}.Release|Any CPU.ActiveCfg = Release|Any CPU
		{D826E59D-C440-4B05-846B-775DA8545BC1}.Release|Any CPU.Build.0 = Release|Any CPU
	EndGlobalSection
	GlobalSection(SolutionProperties) = preSolution
		HideSolutionNode = FALSE
	EndGlobalSection
	GlobalSection(ExtensibilityGlobals) = postSolution
		SolutionGuid = {C6DA2342-513E-4312-9115-1DDEF06DC1A7}
	EndGlobalSection
EndGlobal
